// !$*UTF8*$!
{
	archiveVersion = 1;
	classes = {
	};
	objectVersion = 55;
	objects = {

/* Begin PBXBuildFile section */
		3A44AD1228774B0F00A2E9F5 /* FullPageCollectionViewFlowLayout.swift in Sources */ = {isa = PBXBuildFile; fileRef = 3A44AD1128774B0F00A2E9F5 /* FullPageCollectionViewFlowLayout.swift */; };
		3A44AD142877571C00A2E9F5 /* UICollectionViewExtensions.swift in Sources */ = {isa = PBXBuildFile; fileRef = 3A44AD132877571C00A2E9F5 /* UICollectionViewExtensions.swift */; };
		3A97CD21286E28380043D2F8 /* AppDelegate.swift in Sources */ = {isa = PBXBuildFile; fileRef = 3A97CD20286E28380043D2F8 /* AppDelegate.swift */; };
		3A97CD23286E28380043D2F8 /* SceneDelegate.swift in Sources */ = {isa = PBXBuildFile; fileRef = 3A97CD22286E28380043D2F8 /* SceneDelegate.swift */; };
		3A97CD25286E28380043D2F8 /* ViewController.swift in Sources */ = {isa = PBXBuildFile; fileRef = 3A97CD24286E28380043D2F8 /* ViewController.swift */; };
		3A97CD28286E28380043D2F8 /* Main.storyboard in Resources */ = {isa = PBXBuildFile; fileRef = 3A97CD26286E28380043D2F8 /* Main.storyboard */; };
		3A97CD2A286E28390043D2F8 /* Assets.xcassets in Resources */ = {isa = PBXBuildFile; fileRef = 3A97CD29286E28390043D2F8 /* Assets.xcassets */; };
		3A97CD2D286E28390043D2F8 /* LaunchScreen.storyboard in Resources */ = {isa = PBXBuildFile; fileRef = 3A97CD2B286E28390043D2F8 /* LaunchScreen.storyboard */; };
		3A97CD38286E28390043D2F8 /* FullScreenSwipingTests.swift in Sources */ = {isa = PBXBuildFile; fileRef = 3A97CD37286E28390043D2F8 /* FullScreenSwipingTests.swift */; };
		3A97CD42286E28390043D2F8 /* FullScreenSwipingUITests.swift in Sources */ = {isa = PBXBuildFile; fileRef = 3A97CD41286E28390043D2F8 /* FullScreenSwipingUITests.swift */; };
		3A97CD44286E28390043D2F8 /* FullScreenSwipingUITestsLaunchTests.swift in Sources */ = {isa = PBXBuildFile; fileRef = 3A97CD43286E28390043D2F8 /* FullScreenSwipingUITestsLaunchTests.swift */; };
		3A97CD51286E28600043D2F8 /* FullScreenCollectionViewController.swift in Sources */ = {isa = PBXBuildFile; fileRef = 3A97CD50286E28600043D2F8 /* FullScreenCollectionViewController.swift */; };
		3A97CD53286E28F10043D2F8 /* Device.swift in Sources */ = {isa = PBXBuildFile; fileRef = 3A97CD52286E28F10043D2F8 /* Device.swift */; };
		3A97CD55286E2ABA0043D2F8 /* ColorsCollectionViewController.swift in Sources */ = {isa = PBXBuildFile; fileRef = 3A97CD54286E2ABA0043D2F8 /* ColorsCollectionViewController.swift */; };
/* End PBXBuildFile section */

/* Begin PBXContainerItemProxy section */
		3A97CD34286E28390043D2F8 /* PBXContainerItemProxy */ = {
			isa = PBXContainerItemProxy;
			containerPortal = 3A97CD15286E28380043D2F8 /* Project object */;
			proxyType = 1;
			remoteGlobalIDString = 3A97CD1C286E28380043D2F8;
			remoteInfo = FullScreenSwiping;
		};
		3A97CD3E286E28390043D2F8 /* PBXContainerItemProxy */ = {
			isa = PBXContainerItemProxy;
			containerPortal = 3A97CD15286E28380043D2F8 /* Project object */;
			proxyType = 1;
			remoteGlobalIDString = 3A97CD1C286E28380043D2F8;
			remoteInfo = FullScreenSwiping;
		};
/* End PBXContainerItemProxy section */

/* Begin PBXFileReference section */
		3A44AD1128774B0F00A2E9F5 /* FullPageCollectionViewFlowLayout.swift */ = {isa = PBXFileReference; lastKnownFileType = sourcecode.swift; path = FullPageCollectionViewFlowLayout.swift; sourceTree = "<group>"; };
		3A44AD132877571C00A2E9F5 /* UICollectionViewExtensions.swift */ = {isa = PBXFileReference; lastKnownFileType = sourcecode.swift; path = UICollectionViewExtensions.swift; sourceTree = "<group>"; };
		3A97CD1D286E28380043D2F8 /* FullScreenSwiping.app */ = {isa = PBXFileReference; explicitFileType = wrapper.application; includeInIndex = 0; path = FullScreenSwiping.app; sourceTree = BUILT_PRODUCTS_DIR; };
		3A97CD20286E28380043D2F8 /* AppDelegate.swift */ = {isa = PBXFileReference; lastKnownFileType = sourcecode.swift; path = AppDelegate.swift; sourceTree = "<group>"; };
		3A97CD22286E28380043D2F8 /* SceneDelegate.swift */ = {isa = PBXFileReference; lastKnownFileType = sourcecode.swift; path = SceneDelegate.swift; sourceTree = "<group>"; };
		3A97CD24286E28380043D2F8 /* ViewController.swift */ = {isa = PBXFileReference; lastKnownFileType = sourcecode.swift; path = ViewController.swift; sourceTree = "<group>"; };
		3A97CD27286E28380043D2F8 /* Base */ = {isa = PBXFileReference; lastKnownFileType = file.storyboard; name = Base; path = Base.lproj/Main.storyboard; sourceTree = "<group>"; };
		3A97CD29286E28390043D2F8 /* Assets.xcassets */ = {isa = PBXFileReference; lastKnownFileType = folder.assetcatalog; path = Assets.xcassets; sourceTree = "<group>"; };
		3A97CD2C286E28390043D2F8 /* Base */ = {isa = PBXFileReference; lastKnownFileType = file.storyboard; name = Base; path = Base.lproj/LaunchScreen.storyboard; sourceTree = "<group>"; };
		3A97CD2E286E28390043D2F8 /* Info.plist */ = {isa = PBXFileReference; lastKnownFileType = text.plist.xml; path = Info.plist; sourceTree = "<group>"; };
		3A97CD33286E28390043D2F8 /* FullScreenSwipingTests.xctest */ = {isa = PBXFileReference; explicitFileType = wrapper.cfbundle; includeInIndex = 0; path = FullScreenSwipingTests.xctest; sourceTree = BUILT_PRODUCTS_DIR; };
		3A97CD37286E28390043D2F8 /* FullScreenSwipingTests.swift */ = {isa = PBXFileReference; lastKnownFileType = sourcecode.swift; path = FullScreenSwipingTests.swift; sourceTree = "<group>"; };
		3A97CD3D286E28390043D2F8 /* FullScreenSwipingUITests.xctest */ = {isa = PBXFileReference; explicitFileType = wrapper.cfbundle; includeInIndex = 0; path = FullScreenSwipingUITests.xctest; sourceTree = BUILT_PRODUCTS_DIR; };
		3A97CD41286E28390043D2F8 /* FullScreenSwipingUITests.swift */ = {isa = PBXFileReference; lastKnownFileType = sourcecode.swift; path = FullScreenSwipingUITests.swift; sourceTree = "<group>"; };
		3A97CD43286E28390043D2F8 /* FullScreenSwipingUITestsLaunchTests.swift */ = {isa = PBXFileReference; lastKnownFileType = sourcecode.swift; path = FullScreenSwipingUITestsLaunchTests.swift; sourceTree = "<group>"; };
		3A97CD50286E28600043D2F8 /* FullScreenCollectionViewController.swift */ = {isa = PBXFileReference; lastKnownFileType = sourcecode.swift; path = FullScreenCollectionViewController.swift; sourceTree = "<group>"; };
		3A97CD52286E28F10043D2F8 /* Device.swift */ = {isa = PBXFileReference; lastKnownFileType = sourcecode.swift; path = Device.swift; sourceTree = "<group>"; };
		3A97CD54286E2ABA0043D2F8 /* ColorsCollectionViewController.swift */ = {isa = PBXFileReference; lastKnownFileType = sourcecode.swift; path = ColorsCollectionViewController.swift; sourceTree = "<group>"; };
/* End PBXFileReference section */

/* Begin PBXFrameworksBuildPhase section */
		3A97CD1A286E28380043D2F8 /* Frameworks */ = {
			isa = PBXFrameworksBuildPhase;
			buildActionMask = 2147483647;
			files = (
			);
			runOnlyForDeploymentPostprocessing = 0;
		};
		3A97CD30286E28390043D2F8 /* Frameworks */ = {
			isa = PBXFrameworksBuildPhase;
			buildActionMask = 2147483647;
			files = (
			);
			runOnlyForDeploymentPostprocessing = 0;
		};
		3A97CD3A286E28390043D2F8 /* Frameworks */ = {
			isa = PBXFrameworksBuildPhase;
			buildActionMask = 2147483647;
			files = (
			);
			runOnlyForDeploymentPostprocessing = 0;
		};
/* End PBXFrameworksBuildPhase section */

/* Begin PBXGroup section */
		3A97CD14286E28380043D2F8 = {
			isa = PBXGroup;
			children = (
				3A97CD1F286E28380043D2F8 /* FullScreenSwiping */,
				3A97CD36286E28390043D2F8 /* FullScreenSwipingTests */,
				3A97CD40286E28390043D2F8 /* FullScreenSwipingUITests */,
				3A97CD1E286E28380043D2F8 /* Products */,
			);
			sourceTree = "<group>";
		};
		3A97CD1E286E28380043D2F8 /* Products */ = {
			isa = PBXGroup;
			children = (
				3A97CD1D286E28380043D2F8 /* FullScreenSwiping.app */,
				3A97CD33286E28390043D2F8 /* FullScreenSwipingTests.xctest */,
				3A97CD3D286E28390043D2F8 /* FullScreenSwipingUITests.xctest */,
			);
			name = Products;
			sourceTree = "<group>";
		};
		3A97CD1F286E28380043D2F8 /* FullScreenSwiping */ = {
			isa = PBXGroup;
			children = (
				3A97CD20286E28380043D2F8 /* AppDelegate.swift */,
				3A97CD22286E28380043D2F8 /* SceneDelegate.swift */,
				3A97CD24286E28380043D2F8 /* ViewController.swift */,
				3A97CD50286E28600043D2F8 /* FullScreenCollectionViewController.swift */,
				3A44AD1128774B0F00A2E9F5 /* FullPageCollectionViewFlowLayout.swift */,
				3A44AD132877571C00A2E9F5 /* UICollectionViewExtensions.swift */,
				3A97CD54286E2ABA0043D2F8 /* ColorsCollectionViewController.swift */,
				3A97CD52286E28F10043D2F8 /* Device.swift */,
				3A97CD26286E28380043D2F8 /* Main.storyboard */,
				3A97CD29286E28390043D2F8 /* Assets.xcassets */,
				3A97CD2B286E28390043D2F8 /* LaunchScreen.storyboard */,
				3A97CD2E286E28390043D2F8 /* Info.plist */,
			);
			path = FullScreenSwiping;
			sourceTree = "<group>";
		};
		3A97CD36286E28390043D2F8 /* FullScreenSwipingTests */ = {
			isa = PBXGroup;
			children = (
				3A97CD37286E28390043D2F8 /* FullScreenSwipingTests.swift */,
			);
			path = FullScreenSwipingTests;
			sourceTree = "<group>";
		};
		3A97CD40286E28390043D2F8 /* FullScreenSwipingUITests */ = {
			isa = PBXGroup;
			children = (
				3A97CD41286E28390043D2F8 /* FullScreenSwipingUITests.swift */,
				3A97CD43286E28390043D2F8 /* FullScreenSwipingUITestsLaunchTests.swift */,
			);
			path = FullScreenSwipingUITests;
			sourceTree = "<group>";
		};
/* End PBXGroup section */

/* Begin PBXNativeTarget section */
		3A97CD1C286E28380043D2F8 /* FullScreenSwiping */ = {
			isa = PBXNativeTarget;
			buildConfigurationList = 3A97CD47286E28390043D2F8 /* Build configuration list for PBXNativeTarget "FullScreenSwiping" */;
			buildPhases = (
				3A97CD19286E28380043D2F8 /* Sources */,
				3A97CD1A286E28380043D2F8 /* Frameworks */,
				3A97CD1B286E28380043D2F8 /* Resources */,
			);
			buildRules = (
			);
			dependencies = (
			);
			name = FullScreenSwiping;
			productName = FullScreenSwiping;
			productReference = 3A97CD1D286E28380043D2F8 /* FullScreenSwiping.app */;
			productType = "com.apple.product-type.application";
		};
		3A97CD32286E28390043D2F8 /* FullScreenSwipingTests */ = {
			isa = PBXNativeTarget;
			buildConfigurationList = 3A97CD4A286E28390043D2F8 /* Build configuration list for PBXNativeTarget "FullScreenSwipingTests" */;
			buildPhases = (
				3A97CD2F286E28390043D2F8 /* Sources */,
				3A97CD30286E28390043D2F8 /* Frameworks */,
				3A97CD31286E28390043D2F8 /* Resources */,
			);
			buildRules = (
			);
			dependencies = (
				3A97CD35286E28390043D2F8 /* PBXTargetDependency */,
			);
			name = FullScreenSwipingTests;
			productName = FullScreenSwipingTests;
			productReference = 3A97CD33286E28390043D2F8 /* FullScreenSwipingTests.xctest */;
			productType = "com.apple.product-type.bundle.unit-test";
		};
		3A97CD3C286E28390043D2F8 /* FullScreenSwipingUITests */ = {
			isa = PBXNativeTarget;
			buildConfigurationList = 3A97CD4D286E28390043D2F8 /* Build configuration list for PBXNativeTarget "FullScreenSwipingUITests" */;
			buildPhases = (
				3A97CD39286E28390043D2F8 /* Sources */,
				3A97CD3A286E28390043D2F8 /* Frameworks */,
				3A97CD3B286E28390043D2F8 /* Resources */,
			);
			buildRules = (
			);
			dependencies = (
				3A97CD3F286E28390043D2F8 /* PBXTargetDependency */,
			);
			name = FullScreenSwipingUITests;
			productName = FullScreenSwipingUITests;
			productReference = 3A97CD3D286E28390043D2F8 /* FullScreenSwipingUITests.xctest */;
			productType = "com.apple.product-type.bundle.ui-testing";
		};
/* End PBXNativeTarget section */

/* Begin PBXProject section */
		3A97CD15286E28380043D2F8 /* Project object */ = {
			isa = PBXProject;
			attributes = {
				BuildIndependentTargetsInParallel = 1;
				LastSwiftUpdateCheck = 1340;
				LastUpgradeCheck = 1340;
				TargetAttributes = {
					3A97CD1C286E28380043D2F8 = {
						CreatedOnToolsVersion = 13.4.1;
					};
					3A97CD32286E28390043D2F8 = {
						CreatedOnToolsVersion = 13.4.1;
						TestTargetID = 3A97CD1C286E28380043D2F8;
					};
					3A97CD3C286E28390043D2F8 = {
						CreatedOnToolsVersion = 13.4.1;
						TestTargetID = 3A97CD1C286E28380043D2F8;
					};
				};
			};
			buildConfigurationList = 3A97CD18286E28380043D2F8 /* Build configuration list for PBXProject "FullScreenSwiping" */;
			compatibilityVersion = "Xcode 13.0";
			developmentRegion = en;
			hasScannedForEncodings = 0;
			knownRegions = (
				en,
				Base,
			);
			mainGroup = 3A97CD14286E28380043D2F8;
			productRefGroup = 3A97CD1E286E28380043D2F8 /* Products */;
			projectDirPath = "";
			projectRoot = "";
			targets = (
				3A97CD1C286E28380043D2F8 /* FullScreenSwiping */,
				3A97CD32286E28390043D2F8 /* FullScreenSwipingTests */,
				3A97CD3C286E28390043D2F8 /* FullScreenSwipingUITests */,
			);
		};
/* End PBXProject section */

/* Begin PBXResourcesBuildPhase section */
		3A97CD1B286E28380043D2F8 /* Resources */ = {
			isa = PBXResourcesBuildPhase;
			buildActionMask = 2147483647;
			files = (
				3A97CD2D286E28390043D2F8 /* LaunchScreen.storyboard in Resources */,
				3A97CD2A286E28390043D2F8 /* Assets.xcassets in Resources */,
				3A97CD28286E28380043D2F8 /* Main.storyboard in Resources */,
			);
			runOnlyForDeploymentPostprocessing = 0;
		};
		3A97CD31286E28390043D2F8 /* Resources */ = {
			isa = PBXResourcesBuildPhase;
			buildActionMask = 2147483647;
			files = (
			);
			runOnlyForDeploymentPostprocessing = 0;
		};
		3A97CD3B286E28390043D2F8 /* Resources */ = {
			isa = PBXResourcesBuildPhase;
			buildActionMask = 2147483647;
			files = (
			);
			runOnlyForDeploymentPostprocessing = 0;
		};
/* End PBXResourcesBuildPhase section */

/* Begin PBXSourcesBuildPhase section */
		3A97CD19286E28380043D2F8 /* Sources */ = {
			isa = PBXSourcesBuildPhase;
			buildActionMask = 2147483647;
			files = (
				3A44AD142877571C00A2E9F5 /* UICollectionViewExtensions.swift in Sources */,
				3A44AD1228774B0F00A2E9F5 /* FullPageCollectionViewFlowLayout.swift in Sources */,
				3A97CD55286E2ABA0043D2F8 /* ColorsCollectionViewController.swift in Sources */,
				3A97CD51286E28600043D2F8 /* FullScreenCollectionViewController.swift in Sources */,
				3A97CD25286E28380043D2F8 /* ViewController.swift in Sources */,
				3A97CD21286E28380043D2F8 /* AppDelegate.swift in Sources */,
				3A97CD23286E28380043D2F8 /* SceneDelegate.swift in Sources */,
				3A97CD53286E28F10043D2F8 /* Device.swift in Sources */,
			);
			runOnlyForDeploymentPostprocessing = 0;
		};
		3A97CD2F286E28390043D2F8 /* Sources */ = {
			isa = PBXSourcesBuildPhase;
			buildActionMask = 2147483647;
			files = (
				3A97CD38286E28390043D2F8 /* FullScreenSwipingTests.swift in Sources */,
			);
			runOnlyForDeploymentPostprocessing = 0;
		};
		3A97CD39286E28390043D2F8 /* Sources */ = {
			isa = PBXSourcesBuildPhase;
			buildActionMask = 2147483647;
			files = (
				3A97CD42286E28390043D2F8 /* FullScreenSwipingUITests.swift in Sources */,
				3A97CD44286E28390043D2F8 /* FullScreenSwipingUITestsLaunchTests.swift in Sources */,
			);
			runOnlyForDeploymentPostprocessing = 0;
		};
/* End PBXSourcesBuildPhase section */

/* Begin PBXTargetDependency section */
		3A97CD35286E28390043D2F8 /* PBXTargetDependency */ = {
			isa = PBXTargetDependency;
			target = 3A97CD1C286E28380043D2F8 /* FullScreenSwiping */;
			targetProxy = 3A97CD34286E28390043D2F8 /* PBXContainerItemProxy */;
		};
		3A97CD3F286E28390043D2F8 /* PBXTargetDependency */ = {
			isa = PBXTargetDependency;
			target = 3A97CD1C286E28380043D2F8 /* FullScreenSwiping */;
			targetProxy = 3A97CD3E286E28390043D2F8 /* PBXContainerItemProxy */;
		};
/* End PBXTargetDependency section */

/* Begin PBXVariantGroup section */
		3A97CD26286E28380043D2F8 /* Main.storyboard */ = {
			isa = PBXVariantGroup;
			children = (
				3A97CD27286E28380043D2F8 /* Base */,
			);
			name = Main.storyboard;
			sourceTree = "<group>";
		};
		3A97CD2B286E28390043D2F8 /* LaunchScreen.storyboard */ = {
			isa = PBXVariantGroup;
			children = (
				3A97CD2C286E28390043D2F8 /* Base */,
			);
			name = LaunchScreen.storyboard;
			sourceTree = "<group>";
		};
/* End PBXVariantGroup section */

/* Begin XCBuildConfiguration section */
		3A97CD45286E28390043D2F8 /* Debug */ = {
			isa = XCBuildConfiguration;
			buildSettings = {
				ALWAYS_SEARCH_USER_PATHS = NO;
				CLANG_ANALYZER_NONNULL = YES;
				CLANG_ANALYZER_NUMBER_OBJECT_CONVERSION = YES_AGGRESSIVE;
				CLANG_CXX_LANGUAGE_STANDARD = "gnu++17";
				CLANG_ENABLE_MODULES = YES;
				CLANG_ENABLE_OBJC_ARC = YES;
				CLANG_ENABLE_OBJC_WEAK = YES;
				CLANG_WARN_BLOCK_CAPTURE_AUTORELEASING = YES;
				CLANG_WARN_BOOL_CONVERSION = YES;
				CLANG_WARN_COMMA = YES;
				CLANG_WARN_CONSTANT_CONVERSION = YES;
				CLANG_WARN_DEPRECATED_OBJC_IMPLEMENTATIONS = YES;
				CLANG_WARN_DIRECT_OBJC_ISA_USAGE = YES_ERROR;
				CLANG_WARN_DOCUMENTATION_COMMENTS = YES;
				CLANG_WARN_EMPTY_BODY = YES;
				CLANG_WARN_ENUM_CONVERSION = YES;
				CLANG_WARN_INFINITE_RECURSION = YES;
				CLANG_WARN_INT_CONVERSION = YES;
				CLANG_WARN_NON_LITERAL_NULL_CONVERSION = YES;
				CLANG_WARN_OBJC_IMPLICIT_RETAIN_SELF = YES;
				CLANG_WARN_OBJC_LITERAL_CONVERSION = YES;
				CLANG_WARN_OBJC_ROOT_CLASS = YES_ERROR;
				CLANG_WARN_QUOTED_INCLUDE_IN_FRAMEWORK_HEADER = YES;
				CLANG_WARN_RANGE_LOOP_ANALYSIS = YES;
				CLANG_WARN_STRICT_PROTOTYPES = YES;
				CLANG_WARN_SUSPICIOUS_MOVE = YES;
				CLANG_WARN_UNGUARDED_AVAILABILITY = YES_AGGRESSIVE;
				CLANG_WARN_UNREACHABLE_CODE = YES;
				CLANG_WARN__DUPLICATE_METHOD_MATCH = YES;
				COPY_PHASE_STRIP = NO;
				DEBUG_INFORMATION_FORMAT = dwarf;
				ENABLE_STRICT_OBJC_MSGSEND = YES;
				ENABLE_TESTABILITY = YES;
				GCC_C_LANGUAGE_STANDARD = gnu11;
				GCC_DYNAMIC_NO_PIC = NO;
				GCC_NO_COMMON_BLOCKS = YES;
				GCC_OPTIMIZATION_LEVEL = 0;
				GCC_PREPROCESSOR_DEFINITIONS = (
					"DEBUG=1",
					"$(inherited)",
				);
				GCC_WARN_64_TO_32_BIT_CONVERSION = YES;
				GCC_WARN_ABOUT_RETURN_TYPE = YES_ERROR;
				GCC_WARN_UNDECLARED_SELECTOR = YES;
				GCC_WARN_UNINITIALIZED_AUTOS = YES_AGGRESSIVE;
				GCC_WARN_UNUSED_FUNCTION = YES;
				GCC_WARN_UNUSED_VARIABLE = YES;
				IPHONEOS_DEPLOYMENT_TARGET = 15.5;
				MTL_ENABLE_DEBUG_INFO = INCLUDE_SOURCE;
				MTL_FAST_MATH = YES;
				ONLY_ACTIVE_ARCH = YES;
				SDKROOT = iphoneos;
				SWIFT_ACTIVE_COMPILATION_CONDITIONS = DEBUG;
				SWIFT_OPTIMIZATION_LEVEL = "-Onone";
			};
			name = Debug;
		};
		3A97CD46286E28390043D2F8 /* Release */ = {
			isa = XCBuildConfiguration;
			buildSettings = {
				ALWAYS_SEARCH_USER_PATHS = NO;
				CLANG_ANALYZER_NONNULL = YES;
				CLANG_ANALYZER_NUMBER_OBJECT_CONVERSION = YES_AGGRESSIVE;
				CLANG_CXX_LANGUAGE_STANDARD = "gnu++17";
				CLANG_ENABLE_MODULES = YES;
				CLANG_ENABLE_OBJC_ARC = YES;
				CLANG_ENABLE_OBJC_WEAK = YES;
				CLANG_WARN_BLOCK_CAPTURE_AUTORELEASING = YES;
				CLANG_WARN_BOOL_CONVERSION = YES;
				CLANG_WARN_COMMA = YES;
				CLANG_WARN_CONSTANT_CONVERSION = YES;
				CLANG_WARN_DEPRECATED_OBJC_IMPLEMENTATIONS = YES;
				CLANG_WARN_DIRECT_OBJC_ISA_USAGE = YES_ERROR;
				CLANG_WARN_DOCUMENTATION_COMMENTS = YES;
				CLANG_WARN_EMPTY_BODY = YES;
				CLANG_WARN_ENUM_CONVERSION = YES;
				CLANG_WARN_INFINITE_RECURSION = YES;
				CLANG_WARN_INT_CONVERSION = YES;
				CLANG_WARN_NON_LITERAL_NULL_CONVERSION = YES;
				CLANG_WARN_OBJC_IMPLICIT_RETAIN_SELF = YES;
				CLANG_WARN_OBJC_LITERAL_CONVERSION = YES;
				CLANG_WARN_OBJC_ROOT_CLASS = YES_ERROR;
				CLANG_WARN_QUOTED_INCLUDE_IN_FRAMEWORK_HEADER = YES;
				CLANG_WARN_RANGE_LOOP_ANALYSIS = YES;
				CLANG_WARN_STRICT_PROTOTYPES = YES;
				CLANG_WARN_SUSPICIOUS_MOVE = YES;
				CLANG_WARN_UNGUARDED_AVAILABILITY = YES_AGGRESSIVE;
				CLANG_WARN_UNREACHABLE_CODE = YES;
				CLANG_WARN__DUPLICATE_METHOD_MATCH = YES;
				COPY_PHASE_STRIP = NO;
				DEBUG_INFORMATION_FORMAT = "dwarf-with-dsym";
				ENABLE_NS_ASSERTIONS = NO;
				ENABLE_STRICT_OBJC_MSGSEND = YES;
				GCC_C_LANGUAGE_STANDARD = gnu11;
				GCC_NO_COMMON_BLOCKS = YES;
				GCC_WARN_64_TO_32_BIT_CONVERSION = YES;
				GCC_WARN_ABOUT_RETURN_TYPE = YES_ERROR;
				GCC_WARN_UNDECLARED_SELECTOR = YES;
				GCC_WARN_UNINITIALIZED_AUTOS = YES_AGGRESSIVE;
				GCC_WARN_UNUSED_FUNCTION = YES;
				GCC_WARN_UNUSED_VARIABLE = YES;
				IPHONEOS_DEPLOYMENT_TARGET = 15.5;
				MTL_ENABLE_DEBUG_INFO = NO;
				MTL_FAST_MATH = YES;
				SDKROOT = iphoneos;
				SWIFT_COMPILATION_MODE = wholemodule;
				SWIFT_OPTIMIZATION_LEVEL = "-O";
				VALIDATE_PRODUCT = YES;
			};
			name = Release;
		};
		3A97CD48286E28390043D2F8 /* Debug */ = {
			isa = XCBuildConfiguration;
			buildSettings = {
				ASSETCATALOG_COMPILER_APPICON_NAME = AppIcon;
				ASSETCATALOG_COMPILER_GLOBAL_ACCENT_COLOR_NAME = AccentColor;
				CODE_SIGN_STYLE = Automatic;
				CURRENT_PROJECT_VERSION = 1;
				DEVELOPMENT_TEAM = 6T9T929VSL;
				GENERATE_INFOPLIST_FILE = YES;
				INFOPLIST_FILE = FullScreenSwiping/Info.plist;
				INFOPLIST_KEY_UIApplicationSupportsIndirectInputEvents = YES;
				INFOPLIST_KEY_UILaunchStoryboardName = LaunchScreen;
				INFOPLIST_KEY_UIMainStoryboardFile = Main;
				INFOPLIST_KEY_UISupportedInterfaceOrientations_iPad = "UIInterfaceOrientationPortrait UIInterfaceOrientationPortraitUpsideDown UIInterfaceOrientationLandscapeLeft UIInterfaceOrientationLandscapeRight";
				INFOPLIST_KEY_UISupportedInterfaceOrientations_iPhone = "UIInterfaceOrientationPortrait UIInterfaceOrientationLandscapeLeft UIInterfaceOrientationLandscapeRight";
				LD_RUNPATH_SEARCH_PATHS = (
					"$(inherited)",
					"@executable_path/Frameworks",
				);
				MARKETING_VERSION = 1.0;
				PRODUCT_BUNDLE_IDENTIFIER = com.Qs1v1MeTesting.FullScreenSwiping;
				PRODUCT_NAME = "$(TARGET_NAME)";
				SWIFT_EMIT_LOC_STRINGS = YES;
				SWIFT_VERSION = 5.0;
				TARGETED_DEVICE_FAMILY = "1,2";
			};
			name = Debug;
		};
		3A97CD49286E28390043D2F8 /* Release */ = {
			isa = XCBuildConfiguration;
			buildSettings = {
				ASSETCATALOG_COMPILER_APPICON_NAME = AppIcon;
				ASSETCATALOG_COMPILER_GLOBAL_ACCENT_COLOR_NAME = AccentColor;
				CODE_SIGN_STYLE = Automatic;
				CURRENT_PROJECT_VERSION = 1;
				DEVELOPMENT_TEAM = 6T9T929VSL;
				GENERATE_INFOPLIST_FILE = YES;
				INFOPLIST_FILE = FullScreenSwiping/Info.plist;
				INFOPLIST_KEY_UIApplicationSupportsIndirectInputEvents = YES;
				INFOPLIST_KEY_UILaunchStoryboardName = LaunchScreen;
				INFOPLIST_KEY_UIMainStoryboardFile = Main;
				INFOPLIST_KEY_UISupportedInterfaceOrientations_iPad = "UIInterfaceOrientationPortrait UIInterfaceOrientationPortraitUpsideDown UIInterfaceOrientationLandscapeLeft UIInterfaceOrientationLandscapeRight";
				INFOPLIST_KEY_UISupportedInterfaceOrientations_iPhone = "UIInterfaceOrientationPortrait UIInterfaceOrientationLandscapeLeft UIInterfaceOrientationLandscapeRight";
				LD_RUNPATH_SEARCH_PATHS = (
					"$(inherited)",
					"@executable_path/Frameworks",
				);
				MARKETING_VERSION = 1.0;
				PRODUCT_BUNDLE_IDENTIFIER = com.Qs1v1MeTesting.FullScreenSwiping;
				PRODUCT_NAME = "$(TARGET_NAME)";
				SWIFT_EMIT_LOC_STRINGS = YES;
				SWIFT_VERSION = 5.0;
				TARGETED_DEVICE_FAMILY = "1,2";
			};
			name = Release;
		};
		3A97CD4B286E28390043D2F8 /* Debug */ = {
			isa = XCBuildConfiguration;
			buildSettings = {
				ALWAYS_EMBED_SWIFT_STANDARD_LIBRARIES = YES;
				BUNDLE_LOADER = "$(TEST_HOST)";
				CODE_SIGN_STYLE = Automatic;
				CURRENT_PROJECT_VERSION = 1;
				DEVELOPMENT_TEAM = 6T9T929VSL;
				GENERATE_INFOPLIST_FILE = YES;
				IPHONEOS_DEPLOYMENT_TARGET = 15.5;
				MARKETING_VERSION = 1.0;
				PRODUCT_BUNDLE_IDENTIFIER = com.Qs1v1MeTesting.FullScreenSwipingTests;
				PRODUCT_NAME = "$(TARGET_NAME)";
				SWIFT_EMIT_LOC_STRINGS = NO;
				SWIFT_VERSION = 5.0;
				TARGETED_DEVICE_FAMILY = "1,2";
				TEST_HOST = "$(BUILT_PRODUCTS_DIR)/FullScreenSwiping.app/FullScreenSwiping";
			};
			name = Debug;
		};
		3A97CD4C286E28390043D2F8 /* Release */ = {
			isa = XCBuildConfiguration;
			buildSettings = {
				ALWAYS_EMBED_SWIFT_STANDARD_LIBRARIES = YES;
				BUNDLE_LOADER = "$(TEST_HOST)";
				CODE_SIGN_STYLE = Automatic;
				CURRENT_PROJECT_VERSION = 1;
				DEVELOPMENT_TEAM = 6T9T929VSL;
				GENERATE_INFOPLIST_FILE = YES;
				IPHONEOS_DEPLOYMENT_TARGET = 15.5;
				MARKETING_VERSION = 1.0;
				PRODUCT_BUNDLE_IDENTIFIER = com.Qs1v1MeTesting.FullScreenSwipingTests;
				PRODUCT_NAME = "$(TARGET_NAME)";
				SWIFT_EMIT_LOC_STRINGS = NO;
				SWIFT_VERSION = 5.0;
				TARGETED_DEVICE_FAMILY = "1,2";
				TEST_HOST = "$(BUILT_PRODUCTS_DIR)/FullScreenSwiping.app/FullScreenSwiping";
			};
			name = Release;
		};
		3A97CD4E286E28390043D2F8 /* Debug */ = {
			isa = XCBuildConfiguration;
			buildSettings = {
				ALWAYS_EMBED_SWIFT_STANDARD_LIBRARIES = YES;
				CODE_SIGN_STYLE = Automatic;
				CURRENT_PROJECT_VERSION = 1;
				DEVELOPMENT_TEAM = 6T9T929VSL;
				GENERATE_INFOPLIST_FILE = YES;
				MARKETING_VERSION = 1.0;
				PRODUCT_BUNDLE_IDENTIFIER = com.Qs1v1MeTesting.FullScreenSwipingUITests;
				PRODUCT_NAME = "$(TARGET_NAME)";
				SWIFT_EMIT_LOC_STRINGS = NO;
				SWIFT_VERSION = 5.0;
				TARGETED_DEVICE_FAMILY = "1,2";
				TEST_TARGET_NAME = FullScreenSwiping;
			};
			name = Debug;
		};
		3A97CD4F286E28390043D2F8 /* Release */ = {
			isa = XCBuildConfiguration;
			buildSettings = {
				ALWAYS_EMBED_SWIFT_STANDARD_LIBRARIES = YES;
				CODE_SIGN_STYLE = Automatic;
				CURRENT_PROJECT_VERSION = 1;
				DEVELOPMENT_TEAM = 6T9T929VSL;
				GENERATE_INFOPLIST_FILE = YES;
				MARKETING_VERSION = 1.0;
				PRODUCT_BUNDLE_IDENTIFIER = com.Qs1v1MeTesting.FullScreenSwipingUITests;
				PRODUCT_NAME = "$(TARGET_NAME)";
				SWIFT_EMIT_LOC_STRINGS = NO;
				SWIFT_VERSION = 5.0;
				TARGETED_DEVICE_FAMILY = "1,2";
				TEST_TARGET_NAME = FullScreenSwiping;
			};
			name = Release;
		};
/* End XCBuildConfiguration section */

/* Begin XCConfigurationList section */
		3A97CD18286E28380043D2F8 /* Build configuration list for PBXProject "FullScreenSwiping" */ = {
			isa = XCConfigurationList;
			buildConfigurations = (
				3A97CD45286E28390043D2F8 /* Debug */,
				3A97CD46286E28390043D2F8 /* Release */,
			);
			defaultConfigurationIsVisible = 0;
			defaultConfigurationName = Release;
		};
		3A97CD47286E28390043D2F8 /* Build configuration list for PBXNativeTarget "FullScreenSwiping" */ = {
			isa = XCConfigurationList;
			buildConfigurations = (
				3A97CD48286E28390043D2F8 /* Debug */,
				3A97CD49286E28390043D2F8 /* Release */,
			);
			defaultConfigurationIsVisible = 0;
			defaultConfigurationName = Release;
		};
		3A97CD4A286E28390043D2F8 /* Build configuration list for PBXNativeTarget "FullScreenSwipingTests" */ = {
			isa = XCConfigurationList;
			buildConfigurations = (
				3A97CD4B286E28390043D2F8 /* Debug */,
				3A97CD4C286E28390043D2F8 /* Release */,
			);
			defaultConfigurationIsVisible = 0;
			defaultConfigurationName = Release;
		};
		3A97CD4D286E28390043D2F8 /* Build configuration list for PBXNativeTarget "FullScreenSwipingUITests" */ = {
			isa = XCConfigurationList;
			buildConfigurations = (
				3A97CD4E286E28390043D2F8 /* Debug */,
				3A97CD4F286E28390043D2F8 /* Release */,
			);
			defaultConfigurationIsVisible = 0;
			defaultConfigurationName = Release;
		};
/* End XCConfigurationList section */
	};
	rootObject = 3A97CD15286E28380043D2F8 /* Project object */;
}
